
Microsoft Visual Studio Solution File, Format Version 12.00
# Visual Studio 2013
VisualStudioVersion = 12.0.21005.1
MinimumVisualStudioVersion = 10.0.40219.1
Project("{FAE04EC0-301F-11D3-BF4B-00C04F79EFBC}") = "ConsoleApplication1", "ConsoleApplication1\ConsoleApplication1.csproj", "{3880E558-4536-4BF1-904B-AC8B3D6FE662}"
EndProject
Project("{FAE04EC0-301F-11D3-BF4B-00C04F79EFBC}") = "ConsoleApplication1Tests", "ConsoleApplication1Tests\ConsoleApplication1Tests.csproj", "{65EFD5E1-D5AB-4904-81FB-FB6B1F548BEF}"
EndProject
Global
	GlobalSection(SolutionConfigurationPlatforms) = preSolution
		Debug|Any CPU = Debug|Any CPU
		Release|Any CPU = Release|Any CPU
	EndGlobalSection
	GlobalSection(ProjectConfigurationPlatforms) = postSolution
		{3880E558-4536-4BF1-904B-AC8B3D6FE662}.Debug|Any CPU.ActiveCfg = Debug|Any CPU
		{3880E558-4536-4BF1-904B-AC8B3D6FE662}.Debug|Any CPU.Build.0 = Debug|Any CPU
		{3880E558-4536-4BF1-904B-AC8B3D6FE662}.Release|Any CPU.ActiveCfg = Release|Any CPU
		{3880E558-4536-4BF1-904B-AC8B3D6FE662}.Release|Any CPU.Build.0 = Release|Any CPU
		{65EFD5E1-D5AB-4904-81FB-FB6B1F548BEF}.Debug|Any CPU.ActiveCfg = Debug|Any CPU
		{65EFD5E1-D5AB-4904-81FB-FB6B1F548BEF}.Debug|Any CPU.Build.0 = Debug|Any CPU
		{65EFD5E1-D5AB-4904-81FB-FB6B1F548BEF}.Release|Any CPU.ActiveCfg = Release|Any CPU
		{65EFD5E1-D5AB-4904-81FB-FB6B1F548BEF}.Release|Any CPU.Build.0 = Release|Any CPU
	EndGlobalSection
	GlobalSection(SolutionProperties) = preSolution
		HideSolutionNode = FALSE
	EndGlobalSection
EndGlobal
